
Microsoft Visual Studio Solution File, Format Version 12.00
# Visual Studio 15
Project("{FAE04EC0-301F-11D3-BF4B-00C04F79EFBC}") = "Assembly-CSharp", "Assembly-CSharp.csproj", "{2A8491D0-0739-0A0E-6CC3-D43BBF64B391}"
EndProject
Global
	GlobalSection(SolutionConfigurationPlatforms) = preSolution
		Debug|Any CPU = Debug|Any CPU
		Release|Any CPU = Release|Any CPU
	EndGlobalSection
	GlobalSection(ProjectConfigurationPlatforms) = postSolution
		{2A8491D0-0739-0A0E-6CC3-D43BBF64B391}.Debug|Any CPU.ActiveCfg = Debug|Any CPU
		{2A8491D0-0739-0A0E-6CC3-D43BBF64B391}.Debug|Any CPU.Build.0 = Debug|Any CPU
		{2A8491D0-0739-0A0E-6CC3-D43BBF64B391}.Release|Any CPU.ActiveCfg = Release|Any CPU
		{2A8491D0-0739-0A0E-6CC3-D43BBF64B391}.Release|Any CPU.Build.0 = Release|Any CPU
	EndGlobalSection
	GlobalSection(SolutionProperties) = preSolution
		HideSolutionNode = FALSE
	EndGlobalSection
EndGlobal
